Microsoft Visual Studio Solution File, Format Version 12.00
# Visual Studio Version 17
VisualStudioVersion = 17.5.2.0
MinimumVisualStudioVersion = 10.0.40219.1
Project("{FAE04EC0-301F-11D3-BF4B-00C04F79EFBC}") = "PatientRecovery.DoctorService", "PatientRecovery.DoctorService.csproj", "{77ADE78C-4212-B360-61A1-B4F0EBB98F29}"
EndProject
Global
	GlobalSection(SolutionConfigurationPlatforms) = preSolution
		Debug|Any CPU = Debug|Any CPU
		Release|Any CPU = Release|Any CPU
	EndGlobalSection
	GlobalSection(ProjectConfigurationPlatforms) = postSolution
		{77ADE78C-4212-B360-61A1-B4F0EBB98F29}.Debug|Any CPU.ActiveCfg = Debug|Any CPU
		{77ADE78C-4212-B360-61A1-B4F0EBB98F29}.Debug|Any CPU.Build.0 = Debug|Any CPU
		{77ADE78C-4212-B360-61A1-B4F0EBB98F29}.Release|Any CPU.ActiveCfg = Release|Any CPU
		{77ADE78C-4212-B360-61A1-B4F0EBB98F29}.Release|Any CPU.Build.0 = Release|Any CPU
	EndGlobalSection
	GlobalSection(SolutionProperties) = preSolution
		HideSolutionNode = FALSE
	EndGlobalSection
	GlobalSection(ExtensibilityGlobals) = postSolution
		SolutionGuid = {22986E9A-7BDF-4275-B39D-8C12D7F8EE36}
	EndGlobalSection
EndGlobal
